<?xml version="1.0" encoding="utf-8"?>
<Project ToolsVersion="4.0" xmlns="http://schemas.microsoft.com/developer/msbuild/2003">
  <ItemGroup>
    <Filter Include="Fichiers sources">
      <UniqueIdentifier>{4FC737F1-C7A5-4376-A066-2A32D752A2FF}</UniqueIdentifier>
      <Extensions>cpp;c;cc;cxx;c++;cppm;ixx;def;odl;idl;hpj;bat;asm;asmx</Extensions>
    </Filter>
    <Filter Include="Fichiers d%27en-tête">
      <UniqueIdentifier>{93995380-89BD-4b04-88EB-625FBE52EBFB}</UniqueIdentifier>
      <Extensions>h;hh;hpp;hxx;h++;hm;inl;inc;ipp;xsd</Extensions>
    </Filter>
    <Filter Include="Fichiers de ressources">
      <UniqueIdentifier>{67DA6AB6-F800-4c08-8B7A-83BB121AAD01}</UniqueIdentifier>
      <Extensions>rc;ico;cur;bmp;dlg;rc2;rct;bin;rgs;gif;jpg;jpeg;jpe;resx;tiff;tif;png;wav;mfcribbon-ms</Extensions>
    </Filter>
    <Filter Include="CApp">
      <UniqueIdentifier>{a40f4107-3279-407f-8eb3-3e04f561d68d}</UniqueIdentifier>
    </Filter>
    <Filter Include="CApp\.h">
      <UniqueIdentifier>{9bf0fdb3-26e5-4ec1-8c71-13dbdaa30e05}</UniqueIdentifier>
    </Filter>
    <Filter Include="CApp\.cpp">
      <UniqueIdentifier>{937f11d6-dd0e-4c86-b561-3c42cbf3bd85}</UniqueIdentifier>
    </Filter>
    <Filter Include="CSurface">
      <UniqueIdentifier>{043f070a-1f7d-4c11-a352-994a48920124}</UniqueIdentifier>
    </Filter>
    <Filter Include="CSurface\.h">
      <UniqueIdentifier>{20e9b054-8733-47f8-bfaf-601af9ab0629}</UniqueIdentifier>
    </Filter>
    <Filter Include="CSurface\.cpp">
      <UniqueIdentifier>{32002136-9192-4352-9f61-9ed7fa6f4ce8}</UniqueIdentifier>
    </Filter>
    <Filter Include="CEvent">
      <UniqueIdentifier>{0e98b237-76c9-4f2c-be35-9cec507a7505}</UniqueIdentifier>
    </Filter>
    <Filter Include="CEvent\.h">
      <UniqueIdentifier>{56c3a5c6-4e26-44a0-a71d-3684d905f9b1}</UniqueIdentifier>
    </Filter>
    <Filter Include="CEvent\.cpp">
      <UniqueIdentifier>{cf148fe3-b592-4dc7-b3a0-2d4dc1492bee}</UniqueIdentifier>
    </Filter>
    <Filter Include="CButton">
      <UniqueIdentifier>{cbea5a00-65ff-4484-9e54-db8829cd96a8}</UniqueIdentifier>
    </Filter>
    <Filter Include="CButton\.h">
      <UniqueIdentifier>{c57231a3-d5f2-4c73-836a-1bcc3ca48a96}</UniqueIdentifier>
    </Filter>
    <Filter Include="CButton\.cpp">
      <UniqueIdentifier>{30cb98c2-dfac-48bb-9253-6e78a4f361e0}</UniqueIdentifier>
    </Filter>
  </ItemGroup>
  <ItemGroup>
    <ClCompile Include="main.cpp">
      <Filter>Fichiers sources</Filter>
    </ClCompile>
    <ClCompile Include="CSurface.cpp">
      <Filter>CSurface\.cpp</Filter>
    </ClCompile>
    <ClCompile Include="CApp.cpp">
      <Filter>CApp\.cpp</Filter>
    </ClCompile>
    <ClCompile Include="CApp_OnCleanup.cpp">
      <Filter>CApp\.cpp</Filter>
    </ClCompile>
    <ClCompile Include="CApp_OnEvent.cpp">
      <Filter>CApp\.cpp</Filter>
    </ClCompile>
    <ClCompile Include="CApp_OnInit.cpp">
      <Filter>CApp\.cpp</Filter>
    </ClCompile>
    <ClCompile Include="CApp_OnLoop.cpp">
      <Filter>CApp\.cpp</Filter>
    </ClCompile>
    <ClCompile Include="CApp_OnRender.cpp">
      <Filter>CApp\.cpp</Filter>
    </ClCompile>
    <ClCompile Include="CEvent.cpp">
      <Filter>CEvent\.cpp</Filter>
    </ClCompile>
    <ClCompile Include="CButton.cpp">
      <Filter>CButton\.cpp</Filter>
    </ClCompile>
    <ClCompile Include="CButton_setPosition.cpp">
      <Filter>CButton\.cpp</Filter>
    </ClCompile>
    <ClCompile Include="CButton_handleEvent.cpp">
      <Filter>CButton\.cpp</Filter>
    </ClCompile>
    <ClCompile Include="CButton_render.cpp">
      <Filter>CButton\.cpp</Filter>
    </ClCompile>
  </ItemGroup>
  <ItemGroup>
    <ClInclude Include="CSurface.h">
      <Filter>CSurface\.h</Filter>
    </ClInclude>
    <ClInclude Include="CApp.h">
      <Filter>CApp\.h</Filter>
    </ClInclude>
    <ClInclude Include="CEvent.h">
      <Filter>CEvent\.h</Filter>
    </ClInclude>
    <ClInclude Include="CButton.h">
      <Filter>CButton\.h</Filter>
    </ClInclude>
  </ItemGroup>
</Project>